
Microsoft Visual Studio Solution File, Format Version 12.00
# Visual Studio Version 17
VisualStudioVersion = 17.8.34330.188
MinimumVisualStudioVersion = 10.0.40219.1
Project("{FAE04EC0-301F-11D3-BF4B-00C04F79EFBC}") = "Saturn", "Saturn\Saturn.csproj", "{E486B73B-17A0-48EA-B959-0A2C412F34D5}"
EndProject
Global
	GlobalSection(SolutionConfigurationPlatforms) = preSolution
		Debug|Any CPU = Debug|Any CPU
		Release|Any CPU = Release|Any CPU
	EndGlobalSection
	GlobalSection(ProjectConfigurationPlatforms) = postSolution
		{E486B73B-17A0-48EA-B959-0A2C412F34D5}.Debug|Any CPU.ActiveCfg = Debug|Any CPU
		{E486B73B-17A0-48EA-B959-0A2C412F34D5}.Debug|Any CPU.Build.0 = Debug|Any CPU
		{E486B73B-17A0-48EA-B959-0A2C412F34D5}.Debug|Any CPU.Deploy.0 = Debug|Any CPU
		{E486B73B-17A0-48EA-B959-0A2C412F34D5}.Release|Any CPU.ActiveCfg = Release|Any CPU
		{E486B73B-17A0-48EA-B959-0A2C412F34D5}.Release|Any CPU.Build.0 = Release|Any CPU
		{E486B73B-17A0-48EA-B959-0A2C412F34D5}.Release|Any CPU.Deploy.0 = Release|Any CPU
	EndGlobalSection
	GlobalSection(SolutionProperties) = preSolution
		HideSolutionNode = FALSE
	EndGlobalSection
	GlobalSection(ExtensibilityGlobals) = postSolution
		SolutionGuid = {2F72E972-A4FC-4B9E-9BCB-459029878F4A}
	EndGlobalSection
EndGlobal
